
Microsoft Visual Studio Solution File, Format Version 12.00
# Visual Studio Version 17
VisualStudioVersion = 17.13.35825.156
MinimumVisualStudioVersion = 10.0.40219.1
Project("{FAE04EC0-301F-11D3-BF4B-00C04F79EFBC}") = "QLNH", "QLNH\QLNH.csproj", "{C940BEE0-D544-415C-8322-5831DE49016E}"
EndProject
Global
	GlobalSection(SolutionConfigurationPlatforms) = preSolution
		Debug|Any CPU = Debug|Any CPU
		Release|Any CPU = Release|Any CPU
	EndGlobalSection
	GlobalSection(ProjectConfigurationPlatforms) = postSolution
		{C940BEE0-D544-415C-8322-5831DE49016E}.Debug|Any CPU.ActiveCfg = Debug|Any CPU
		{C940BEE0-D544-415C-8322-5831DE49016E}.Debug|Any CPU.Build.0 = Debug|Any CPU
		{C940BEE0-D544-415C-8322-5831DE49016E}.Release|Any CPU.ActiveCfg = Release|Any CPU
		{C940BEE0-D544-415C-8322-5831DE49016E}.Release|Any CPU.Build.0 = Release|Any CPU
	EndGlobalSection
	GlobalSection(SolutionProperties) = preSolution
		HideSolutionNode = FALSE
	EndGlobalSection
	GlobalSection(ExtensibilityGlobals) = postSolution
		SolutionGuid = {5542B53F-A5E4-427C-95C0-8840669D6406}
	EndGlobalSection
EndGlobal
